// !$*UTF8*$!
{
	archiveVersion = 1;
	classes = {
	};
	objectVersion = 46;
	objects = {

/* Begin PBXBuildFile section */
		8D11072F0486CEB800E47090 /* Cocoa.framework in Frameworks */ = {isa = PBXBuildFile; fileRef = 1058C7A1FEA54F0111CA2CBB /* Cocoa.framework */; };
		D0084E6422C4506700661851 /* PreferencesController.mm in Sources */ = {isa = PBXBuildFile; fileRef = D0084E6222C4506700661851 /* PreferencesController.mm */; };
		D0084E6522C4506700661851 /* PreferencesWindow.mm in Sources */ = {isa = PBXBuildFile; fileRef = D0084E6322C4506700661851 /* PreferencesWindow.mm */; };
		D0135D1112761A8F0000C529 /* AccountInfo.strings in Resources */ = {isa = PBXBuildFile; fileRef = D0135CFD12761A8F0000C529 /* AccountInfo.strings */; };
		D0135D1212761A8F0000C529 /* AccountInfo.xib in Resources */ = {isa = PBXBuildFile; fileRef = D0135CFE12761A8F0000C529 /* AccountInfo.xib */; };
		D0135D1312761A8F0000C529 /* AddAccount.strings in Resources */ = {isa = PBXBuildFile; fileRef = D0135CFF12761A8F0000C529 /* AddAccount.strings */; };
		D0135D1412761A8F0000C529 /* AddAccount.xib in Resources */ = {isa = PBXBuildFile; fileRef = D0135D0012761A8F0000C529 /* AddAccount.xib */; };
		D0135D1512761A8F0000C529 /* DueScheduledTransactions.strings in Resources */ = {isa = PBXBuildFile; fileRef = D0135D0112761A8F0000C529 /* DueScheduledTransactions.strings */; };
		D0135D1612761A8F0000C529 /* DueScheduledTransactions.xib in Resources */ = {isa = PBXBuildFile; fileRef = D0135D0212761A8F0000C529 /* DueScheduledTransactions.xib */; };
		D0135D1712761A8F0000C529 /* ExportOFX.strings in Resources */ = {isa = PBXBuildFile; fileRef = D0135D0312761A8F0000C529 /* ExportOFX.strings */; };
		D0135D1812761A8F0000C529 /* ExportOFX.xib in Resources */ = {isa = PBXBuildFile; fileRef = D0135D0412761A8F0000C529 /* ExportOFX.xib */; };
		D0135D1912761A8F0000C529 /* ImportOFX.strings in Resources */ = {isa = PBXBuildFile; fileRef = D0135D0512761A8F0000C529 /* ImportOFX.strings */; };
		D0135D1A12761A8F0000C529 /* ImportOFX.xib in Resources */ = {isa = PBXBuildFile; fileRef = D0135D0612761A8F0000C529 /* ImportOFX.xib */; };
		D0135D1B12761A8F0000C529 /* ImportQIF.strings in Resources */ = {isa = PBXBuildFile; fileRef = D0135D0712761A8F0000C529 /* ImportQIF.strings */; };
		D0135D1C12761A8F0000C529 /* ImportQIF.xib in Resources */ = {isa = PBXBuildFile; fileRef = D0135D0812761A8F0000C529 /* ImportQIF.xib */; };
		D0135D1D12761A8F0000C529 /* InfoPlist.strings in Resources */ = {isa = PBXBuildFile; fileRef = D0135D0912761A8F0000C529 /* InfoPlist.strings */; };
		D0135D1E12761A8F0000C529 /* Localizable.strings in Resources */ = {isa = PBXBuildFile; fileRef = D0135D0A12761A8F0000C529 /* Localizable.strings */; };
		D0135D1F12761A8F0000C529 /* MainMenu.strings in Resources */ = {isa = PBXBuildFile; fileRef = D0135D0B12761A8F0000C529 /* MainMenu.strings */; };
		D0135D2012761A8F0000C529 /* MainMenu.xib in Resources */ = {isa = PBXBuildFile; fileRef = D0135D0C12761A8F0000C529 /* MainMenu.xib */; };
		D0135D2112761A8F0000C529 /* MakeTransfer.strings in Resources */ = {isa = PBXBuildFile; fileRef = D0135D0D12761A8F0000C529 /* MakeTransfer.strings */; };
		D0135D2212761A8F0000C529 /* MakeTransfer.xib in Resources */ = {isa = PBXBuildFile; fileRef = D0135D0E12761A8F0000C529 /* MakeTransfer.xib */; };
		D0135D2312761A8F0000C529 /* Preferences.strings in Resources */ = {isa = PBXBuildFile; fileRef = D0135D0F12761A8F0000C529 /* Preferences.strings */; };
		D0135D2412761A8F0000C529 /* Preferences.xib in Resources */ = {isa = PBXBuildFile; fileRef = D0135D1012761A8F0000C529 /* Preferences.xib */; };
		D04734721269F4E1002E5A71 /* ValueFormatter.mm in Sources */ = {isa = PBXBuildFile; fileRef = D04734711269F4E1002E5A71 /* ValueFormatter.mm */; };
		D082ACDB124E2B2C00C525E1 /* account.cpp in Sources */ = {isa = PBXBuildFile; fileRef = D082ACC2124E2B2C00C525E1 /* account.cpp */; };
		D082ACDC124E2B2C00C525E1 /* analysis.cpp in Sources */ = {isa = PBXBuildFile; fileRef = D082ACC4124E2B2C00C525E1 /* analysis.cpp */; };
		D082ACDD124E2B2C00C525E1 /* date.cpp in Sources */ = {isa = PBXBuildFile; fileRef = D082ACC6124E2B2C00C525E1 /* date.cpp */; };
		D082ACDE124E2B2C00C525E1 /* document.cpp in Sources */ = {isa = PBXBuildFile; fileRef = D082ACC8124E2B2C00C525E1 /* document.cpp */; };
		D082ACDF124E2B2C00C525E1 /* expression_parser.cpp in Sources */ = {isa = PBXBuildFile; fileRef = D082ACCA124E2B2C00C525E1 /* expression_parser.cpp */; };
		D082ACE0124E2B2C00C525E1 /* fixed.cpp in Sources */ = {isa = PBXBuildFile; fileRef = D082ACCC124E2B2C00C525E1 /* fixed.cpp */; };
		D082ACE1124E2B2C00C525E1 /* graph.cpp in Sources */ = {isa = PBXBuildFile; fileRef = D082ACCE124E2B2C00C525E1 /* graph.cpp */; };
		D082ACE2124E2B2C00C525E1 /* io_ofx.cpp in Sources */ = {isa = PBXBuildFile; fileRef = D082ACD0124E2B2C00C525E1 /* io_ofx.cpp */; };
		D082ACE3124E2B2C00C525E1 /* scheduled_transaction.cpp in Sources */ = {isa = PBXBuildFile; fileRef = D082ACD2124E2B2C00C525E1 /* scheduled_transaction.cpp */; };
		D082ACE4124E2B2C00C525E1 /* split_transaction.cpp in Sources */ = {isa = PBXBuildFile; fileRef = D082ACD4124E2B2C00C525E1 /* split_transaction.cpp */; };
		D082ACE5124E2B2C00C525E1 /* io_qif.cpp in Sources */ = {isa = PBXBuildFile; fileRef = D082ACD6124E2B2C00C525E1 /* io_qif.cpp */; };
		D082ACE6124E2B2C00C525E1 /* transaction.cpp in Sources */ = {isa = PBXBuildFile; fileRef = D082ACD9124E2B2C00C525E1 /* transaction.cpp */; };
		D082AD1F124E2B8600C525E1 /* StashAppDelegate.mm in Sources */ = {isa = PBXBuildFile; fileRef = D082ACE9124E2B8600C525E1 /* StashAppDelegate.mm */; };
		D082AD20124E2B8600C525E1 /* TransactionsController.mm in Sources */ = {isa = PBXBuildFile; fileRef = D082ACEB124E2B8600C525E1 /* TransactionsController.mm */; };
		D082AD21124E2B8600C525E1 /* PieChartView.mm in Sources */ = {isa = PBXBuildFile; fileRef = D082ACEC124E2B8600C525E1 /* PieChartView.mm */; };
		D082AD22124E2B8600C525E1 /* AreaChartView.mm in Sources */ = {isa = PBXBuildFile; fileRef = D082ACED124E2B8600C525E1 /* AreaChartView.mm */; };
		D082AD23124E2B8600C525E1 /* IndexBarTextCell.m in Sources */ = {isa = PBXBuildFile; fileRef = D082ACEE124E2B8600C525E1 /* IndexBarTextCell.m */; };
		D082AD24124E2B8600C525E1 /* DropDownWindow.m in Sources */ = {isa = PBXBuildFile; fileRef = D082ACF0124E2B8600C525E1 /* DropDownWindow.m */; };
		D082AD25124E2B8600C525E1 /* ImportQIFController.mm in Sources */ = {isa = PBXBuildFile; fileRef = D082ACF1124E2B8600C525E1 /* ImportQIFController.mm */; };
		D082AD27124E2B8600C525E1 /* AccountInfoController.mm in Sources */ = {isa = PBXBuildFile; fileRef = D082ACF3124E2B8600C525E1 /* AccountInfoController.mm */; };
		D082AD28124E2B8600C525E1 /* AddAccountController.mm in Sources */ = {isa = PBXBuildFile; fileRef = D082ACF4124E2B8600C525E1 /* AddAccountController.mm */; };
		D082AD29124E2B8600C525E1 /* TransactionItem.mm in Sources */ = {isa = PBXBuildFile; fileRef = D082ACF6124E2B8600C525E1 /* TransactionItem.mm */; };
		D082AD2A124E2B8600C525E1 /* IndexBar.m in Sources */ = {isa = PBXBuildFile; fileRef = D082ACF7124E2B8600C525E1 /* IndexBar.m */; };
		D082AD2B124E2B8600C525E1 /* OverviewChartView.mm in Sources */ = {isa = PBXBuildFile; fileRef = D082ACF8124E2B8600C525E1 /* OverviewChartView.mm */; };
		D082AD2C124E2B8600C525E1 /* IndexItem.m in Sources */ = {isa = PBXBuildFile; fileRef = D082ACFB124E2B8600C525E1 /* IndexItem.m */; };
		D082AD2D124E2B8600C525E1 /* NSPreProcessTextField.mm in Sources */ = {isa = PBXBuildFile; fileRef = D082ACFD124E2B8600C525E1 /* NSPreProcessTextField.mm */; };
		D082AD2E124E2B8600C525E1 /* MakeTransferController.mm in Sources */ = {isa = PBXBuildFile; fileRef = D082AD02124E2B8600C525E1 /* MakeTransferController.mm */; };
		D082AD2F124E2B8600C525E1 /* DropDownDate.m in Sources */ = {isa = PBXBuildFile; fileRef = D082AD04124E2B8600C525E1 /* DropDownDate.m */; };
		D082AD30124E2B8600C525E1 /* ImportOFXController.mm in Sources */ = {isa = PBXBuildFile; fileRef = D082AD07124E2B8600C525E1 /* ImportOFXController.mm */; };
		D082AD32124E2B8600C525E1 /* ExportOFXController.mm in Sources */ = {isa = PBXBuildFile; fileRef = D082AD0D124E2B8600C525E1 /* ExportOFXController.mm */; };
		D082AD33124E2B8600C525E1 /* SIndexSplitView.m in Sources */ = {isa = PBXBuildFile; fileRef = D082AD0F124E2B8600C525E1 /* SIndexSplitView.m */; };
		D082AD34124E2B8600C525E1 /* STransactionsSplitView.m in Sources */ = {isa = PBXBuildFile; fileRef = D082AD10124E2B8600C525E1 /* STransactionsSplitView.m */; };
		D082AD36124E2B8600C525E1 /* NSDateEx.m in Sources */ = {isa = PBXBuildFile; fileRef = D082AD13124E2B8600C525E1 /* NSDateEx.m */; };
		D082AD37124E2B8600C525E1 /* ToolbarItemEx.m in Sources */ = {isa = PBXBuildFile; fileRef = D082AD16124E2B8600C525E1 /* ToolbarItemEx.m */; };
		D082AD38124E2B8600C525E1 /* SplitViewEx.m in Sources */ = {isa = PBXBuildFile; fileRef = D082AD17124E2B8600C525E1 /* SplitViewEx.m */; };
		D082AD39124E2B8600C525E1 /* main.m in Sources */ = {isa = PBXBuildFile; fileRef = D082AD1D124E2B8600C525E1 /* main.m */; };
		D082AD7C124E2BB600C525E1 /* Credits.html in Resources */ = {isa = PBXBuildFile; fileRef = D082AD66124E2BB600C525E1 /* Credits.html */; };
		D082AD8E124E2BD500C525E1 /* add_account.png in Resources */ = {isa = PBXBuildFile; fileRef = D082AD80124E2BD500C525E1 /* add_account.png */; };
		D082AD8F124E2BD500C525E1 /* add_graph.png in Resources */ = {isa = PBXBuildFile; fileRef = D082AD81124E2BD500C525E1 /* add_graph.png */; };
		D082AD90124E2BD500C525E1 /* area_prefs.png in Resources */ = {isa = PBXBuildFile; fileRef = D082AD82124E2BD500C525E1 /* area_prefs.png */; };
		D082AD91124E2BD500C525E1 /* cal.png in Resources */ = {isa = PBXBuildFile; fileRef = D082AD83124E2BD500C525E1 /* cal.png */; };
		D082AD92124E2BD500C525E1 /* cleared_checked.png in Resources */ = {isa = PBXBuildFile; fileRef = D082AD84124E2BD500C525E1 /* cleared_checked.png */; };
		D082AD93124E2BD500C525E1 /* cleared_unchecked.png in Resources */ = {isa = PBXBuildFile; fileRef = D082AD85124E2BD500C525E1 /* cleared_unchecked.png */; };
		D082AD94124E2BD500C525E1 /* down.png in Resources */ = {isa = PBXBuildFile; fileRef = D082AD86124E2BD500C525E1 /* down.png */; };
		D082AD95124E2BD500C525E1 /* make_transfer.png in Resources */ = {isa = PBXBuildFile; fileRef = D082AD87124E2BD500C525E1 /* make_transfer.png */; };
		D082AD96124E2BD500C525E1 /* pie_prefs.png in Resources */ = {isa = PBXBuildFile; fileRef = D082AD88124E2BD500C525E1 /* pie_prefs.png */; };
		D082AD97124E2BD500C525E1 /* split.png in Resources */ = {isa = PBXBuildFile; fileRef = D082AD89124E2BD500C525E1 /* split.png */; };
		D082AD98124E2BD500C525E1 /* stash.icns in Resources */ = {isa = PBXBuildFile; fileRef = D082AD8A124E2BD500C525E1 /* stash.icns */; };
		D082AD99124E2BD500C525E1 /* stashdocument.icns in Resources */ = {isa = PBXBuildFile; fileRef = D082AD8B124E2BD500C525E1 /* stashdocument.icns */; };
		D082AD9A124E2BD500C525E1 /* trans_prefs.png in Resources */ = {isa = PBXBuildFile; fileRef = D082AD8C124E2BD500C525E1 /* trans_prefs.png */; };
		D082AD9B124E2BD500C525E1 /* up.png in Resources */ = {isa = PBXBuildFile; fileRef = D082AD8D124E2BD500C525E1 /* up.png */; };
		D09FE557124EBCAC00F68813 /* GraphController.mm in Sources */ = {isa = PBXBuildFile; fileRef = D09FE556124EBCAC00F68813 /* GraphController.mm */; };
		D0D29EBF22C416F300BF5BB0 /* DueScheduledTransactionsController.mm in Sources */ = {isa = PBXBuildFile; fileRef = D0D29EBE22C416F200BF5BB0 /* DueScheduledTransactionsController.mm */; };
/* End PBXBuildFile section */

/* Begin PBXFileReference section */
		1058C7A1FEA54F0111CA2CBB /* Cocoa.framework */ = {isa = PBXFileReference; lastKnownFileType = wrapper.framework; name = Cocoa.framework; path = /System/Library/Frameworks/Cocoa.framework; sourceTree = "<absolute>"; };
		13E42FB307B3F0F600E4EEF1 /* CoreData.framework */ = {isa = PBXFileReference; lastKnownFileType = wrapper.framework; name = CoreData.framework; path = /System/Library/Frameworks/CoreData.framework; sourceTree = "<absolute>"; };
		29B97324FDCFA39411CA2CEA /* AppKit.framework */ = {isa = PBXFileReference; lastKnownFileType = wrapper.framework; name = AppKit.framework; path = /System/Library/Frameworks/AppKit.framework; sourceTree = "<absolute>"; };
		29B97325FDCFA39411CA2CEA /* Foundation.framework */ = {isa = PBXFileReference; lastKnownFileType = wrapper.framework; name = Foundation.framework; path = /System/Library/Frameworks/Foundation.framework; sourceTree = "<absolute>"; };
		8D1107320486CEB800E47090 /* Stash.app */ = {isa = PBXFileReference; explicitFileType = wrapper.application; includeInIndex = 0; path = Stash.app; sourceTree = BUILT_PRODUCTS_DIR; };
		D0084E6222C4506700661851 /* PreferencesController.mm */ = {isa = PBXFileReference; fileEncoding = 4; lastKnownFileType = sourcecode.cpp.objcpp; name = PreferencesController.mm; path = mac/PreferencesController.mm; sourceTree = "<group>"; };
		D0084E6322C4506700661851 /* PreferencesWindow.mm */ = {isa = PBXFileReference; fileEncoding = 4; lastKnownFileType = sourcecode.cpp.objcpp; name = PreferencesWindow.mm; path = mac/PreferencesWindow.mm; sourceTree = "<group>"; };
		D0135CFD12761A8F0000C529 /* AccountInfo.strings */ = {isa = PBXFileReference; fileEncoding = 10; lastKnownFileType = text.plist.strings; name = AccountInfo.strings; path = mac/AccountInfo.strings; sourceTree = "<group>"; };
		D0135CFE12761A8F0000C529 /* AccountInfo.xib */ = {isa = PBXFileReference; lastKnownFileType = file.xib; name = AccountInfo.xib; path = mac/AccountInfo.xib; sourceTree = "<group>"; };
		D0135CFF12761A8F0000C529 /* AddAccount.strings */ = {isa = PBXFileReference; fileEncoding = 10; lastKnownFileType = text.plist.strings; name = AddAccount.strings; path = mac/AddAccount.strings; sourceTree = "<group>"; };
		D0135D0012761A8F0000C529 /* AddAccount.xib */ = {isa = PBXFileReference; lastKnownFileType = file.xib; name = AddAccount.xib; path = mac/AddAccount.xib; sourceTree = "<group>"; };
		D0135D0112761A8F0000C529 /* DueScheduledTransactions.strings */ = {isa = PBXFileReference; fileEncoding = 10; lastKnownFileType = text.plist.strings; name = DueScheduledTransactions.strings; path = mac/DueScheduledTransactions.strings; sourceTree = "<group>"; };
		D0135D0212761A8F0000C529 /* DueScheduledTransactions.xib */ = {isa = PBXFileReference; lastKnownFileType = file.xib; name = DueScheduledTransactions.xib; path = mac/DueScheduledTransactions.xib; sourceTree = "<group>"; };
		D0135D0312761A8F0000C529 /* ExportOFX.strings */ = {isa = PBXFileReference; fileEncoding = 10; lastKnownFileType = text.plist.strings; name = ExportOFX.strings; path = mac/ExportOFX.strings; sourceTree = "<group>"; };
		D0135D0412761A8F0000C529 /* ExportOFX.xib */ = {isa = PBXFileReference; lastKnownFileType = file.xib; name = ExportOFX.xib; path = mac/ExportOFX.xib; sourceTree = "<group>"; };
		D0135D0512761A8F0000C529 /* ImportOFX.strings */ = {isa = PBXFileReference; fileEncoding = 10; lastKnownFileType = text.plist.strings; name = ImportOFX.strings; path = mac/ImportOFX.strings; sourceTree = "<group>"; };
		D0135D0612761A8F0000C529 /* ImportOFX.xib */ = {isa = PBXFileReference; lastKnownFileType = file.xib; name = ImportOFX.xib; path = mac/ImportOFX.xib; sourceTree = "<group>"; };
		D0135D0712761A8F0000C529 /* ImportQIF.strings */ = {isa = PBXFileReference; fileEncoding = 10; lastKnownFileType = text.plist.strings; name = ImportQIF.strings; path = mac/ImportQIF.strings; sourceTree = "<group>"; };
		D0135D0812761A8F0000C529 /* ImportQIF.xib */ = {isa = PBXFileReference; lastKnownFileType = file.xib; name = ImportQIF.xib; path = mac/ImportQIF.xib; sourceTree = "<group>"; };
		D0135D0912761A8F0000C529 /* InfoPlist.strings */ = {isa = PBXFileReference; fileEncoding = 4; lastKnownFileType = text.plist.strings; name = InfoPlist.strings; path = mac/InfoPlist.strings; sourceTree = "<group>"; };
		D0135D0A12761A8F0000C529 /* Localizable.strings */ = {isa = PBXFileReference; fileEncoding = 4; lastKnownFileType = text.plist.strings; name = Localizable.strings; path = mac/Localizable.strings; sourceTree = "<group>"; };
		D0135D0B12761A8F0000C529 /* MainMenu.strings */ = {isa = PBXFileReference; fileEncoding = 4; lastKnownFileType = text.plist.strings; name = MainMenu.strings; path = mac/MainMenu.strings; sourceTree = "<group>"; };
		D0135D0C12761A8F0000C529 /* MainMenu.xib */ = {isa = PBXFileReference; lastKnownFileType = file.xib; name = MainMenu.xib; path = mac/MainMenu.xib; sourceTree = "<group>"; };
		D0135D0D12761A8F0000C529 /* MakeTransfer.strings */ = {isa = PBXFileReference; fileEncoding = 10; lastKnownFileType = text.plist.strings; name = MakeTransfer.strings; path = mac/MakeTransfer.strings; sourceTree = "<group>"; };
		D0135D0E12761A8F0000C529 /* MakeTransfer.xib */ = {isa = PBXFileReference; lastKnownFileType = file.xib; name = MakeTransfer.xib; path = mac/MakeTransfer.xib; sourceTree = "<group>"; };
		D0135D0F12761A8F0000C529 /* Preferences.strings */ = {isa = PBXFileReference; fileEncoding = 4; lastKnownFileType = text.plist.strings; name = Preferences.strings; path = mac/Preferences.strings; sourceTree = "<group>"; };
		D0135D1012761A8F0000C529 /* Preferences.xib */ = {isa = PBXFileReference; lastKnownFileType = file.xib; name = Preferences.xib; path = mac/Preferences.xib; sourceTree = "<group>"; };
		D04734701269F4E1002E5A71 /* ValueFormatter.h */ = {isa = PBXFileReference; fileEncoding = 4; lastKnownFileType = sourcecode.c.h; name = ValueFormatter.h; path = mac/ValueFormatter.h; sourceTree = "<group>"; };
		D04734711269F4E1002E5A71 /* ValueFormatter.mm */ = {isa = PBXFileReference; fileEncoding = 4; lastKnownFileType = sourcecode.cpp.objcpp; name = ValueFormatter.mm; path = mac/ValueFormatter.mm; sourceTree = "<group>"; };
		D082ACC2124E2B2C00C525E1 /* account.cpp */ = {isa = PBXFileReference; fileEncoding = 4; lastKnownFileType = sourcecode.cpp.cpp; path = account.cpp; sourceTree = "<group>"; };
		D082ACC3124E2B2C00C525E1 /* account.h */ = {isa = PBXFileReference; fileEncoding = 4; lastKnownFileType = sourcecode.c.h; path = account.h; sourceTree = "<group>"; };
		D082ACC4124E2B2C00C525E1 /* analysis.cpp */ = {isa = PBXFileReference; fileEncoding = 4; lastKnownFileType = sourcecode.cpp.cpp; path = analysis.cpp; sourceTree = "<group>"; };
		D082ACC5124E2B2C00C525E1 /* analysis.h */ = {isa = PBXFileReference; fileEncoding = 4; lastKnownFileType = sourcecode.c.h; path = analysis.h; sourceTree = "<group>"; };
		D082ACC6124E2B2C00C525E1 /* date.cpp */ = {isa = PBXFileReference; fileEncoding = 4; lastKnownFileType = sourcecode.cpp.cpp; path = date.cpp; sourceTree = "<group>"; };
		D082ACC7124E2B2C00C525E1 /* date.h */ = {isa = PBXFileReference; fileEncoding = 4; lastKnownFileType = sourcecode.c.h; path = date.h; sourceTree = "<group>"; };
		D082ACC8124E2B2C00C525E1 /* document.cpp */ = {isa = PBXFileReference; fileEncoding = 4; lastKnownFileType = sourcecode.cpp.cpp; path = document.cpp; sourceTree = "<group>"; };
		D082ACC9124E2B2C00C525E1 /* document.h */ = {isa = PBXFileReference; fileEncoding = 4; lastKnownFileType = sourcecode.c.h; path = document.h; sourceTree = "<group>"; };
		D082ACCA124E2B2C00C525E1 /* expression_parser.cpp */ = {isa = PBXFileReference; fileEncoding = 4; lastKnownFileType = sourcecode.cpp.cpp; path = expression_parser.cpp; sourceTree = "<group>"; };
		D082ACCB124E2B2C00C525E1 /* expression_parser.h */ = {isa = PBXFileReference; fileEncoding = 4; lastKnownFileType = sourcecode.c.h; path = expression_parser.h; sourceTree = "<group>"; };
		D082ACCC124E2B2C00C525E1 /* fixed.cpp */ = {isa = PBXFileReference; fileEncoding = 4; lastKnownFileType = sourcecode.cpp.cpp; path = fixed.cpp; sourceTree = "<group>"; };
		D082ACCD124E2B2C00C525E1 /* fixed.h */ = {isa = PBXFileReference; fileEncoding = 4; lastKnownFileType = sourcecode.c.h; path = fixed.h; sourceTree = "<group>"; };
		D082ACCE124E2B2C00C525E1 /* graph.cpp */ = {isa = PBXFileReference; fileEncoding = 4; lastKnownFileType = sourcecode.cpp.cpp; path = graph.cpp; sourceTree = "<group>"; };
		D082ACCF124E2B2C00C525E1 /* graph.h */ = {isa = PBXFileReference; fileEncoding = 4; lastKnownFileType = sourcecode.c.h; path = graph.h; sourceTree = "<group>"; };
		D082ACD0124E2B2C00C525E1 /* io_ofx.cpp */ = {isa = PBXFileReference; fileEncoding = 4; lastKnownFileType = sourcecode.cpp.cpp; path = io_ofx.cpp; sourceTree = "<group>"; };
		D082ACD1124E2B2C00C525E1 /* io_ofx.h */ = {isa = PBXFileReference; fileEncoding = 4; lastKnownFileType = sourcecode.c.h; path = io_ofx.h; sourceTree = "<group>"; };
		D082ACD2124E2B2C00C525E1 /* scheduled_transaction.cpp */ = {isa = PBXFileReference; fileEncoding = 4; lastKnownFileType = sourcecode.cpp.cpp; path = scheduled_transaction.cpp; sourceTree = "<group>"; };
		D082ACD3124E2B2C00C525E1 /* scheduled_transaction.h */ = {isa = PBXFileReference; fileEncoding = 4; lastKnownFileType = sourcecode.c.h; path = scheduled_transaction.h; sourceTree = "<group>"; };
		D082ACD4124E2B2C00C525E1 /* split_transaction.cpp */ = {isa = PBXFileReference; fileEncoding = 4; lastKnownFileType = sourcecode.cpp.cpp; path = split_transaction.cpp; sourceTree = "<group>"; };
		D082ACD5124E2B2C00C525E1 /* split_transaction.h */ = {isa = PBXFileReference; fileEncoding = 4; lastKnownFileType = sourcecode.c.h; path = split_transaction.h; sourceTree = "<group>"; };
		D082ACD6124E2B2C00C525E1 /* io_qif.cpp */ = {isa = PBXFileReference; fileEncoding = 4; lastKnownFileType = sourcecode.cpp.cpp; path = io_qif.cpp; sourceTree = "<group>"; };
		D082ACD7124E2B2C00C525E1 /* io_qif.h */ = {isa = PBXFileReference; fileEncoding = 4; lastKnownFileType = sourcecode.c.h; path = io_qif.h; sourceTree = "<group>"; };
		D082ACD8124E2B2C00C525E1 /* string.h */ = {isa = PBXFileReference; fileEncoding = 4; lastKnownFileType = sourcecode.c.h; path = string.h; sourceTree = "<group>"; };
		D082ACD9124E2B2C00C525E1 /* transaction.cpp */ = {isa = PBXFileReference; fileEncoding = 4; lastKnownFileType = sourcecode.cpp.cpp; path = transaction.cpp; sourceTree = "<group>"; };
		D082ACDA124E2B2C00C525E1 /* transaction.h */ = {isa = PBXFileReference; fileEncoding = 4; lastKnownFileType = sourcecode.c.h; path = transaction.h; sourceTree = "<group>"; };
		D082ACE9124E2B8600C525E1 /* StashAppDelegate.mm */ = {isa = PBXFileReference; fileEncoding = 4; lastKnownFileType = sourcecode.cpp.objcpp; name = StashAppDelegate.mm; path = mac/StashAppDelegate.mm; sourceTree = "<group>"; };
		D082ACEA124E2B8600C525E1 /* TransactionsController.h */ = {isa = PBXFileReference; fileEncoding = 4; lastKnownFileType = sourcecode.c.h; name = TransactionsController.h; path = mac/TransactionsController.h; sourceTree = "<group>"; };
		D082ACEB124E2B8600C525E1 /* TransactionsController.mm */ = {isa = PBXFileReference; fileEncoding = 4; lastKnownFileType = sourcecode.cpp.objcpp; name = TransactionsController.mm; path = mac/TransactionsController.mm; sourceTree = "<group>"; };
		D082ACEC124E2B8600C525E1 /* PieChartView.mm */ = {isa = PBXFileReference; fileEncoding = 4; lastKnownFileType = sourcecode.cpp.objcpp; name = PieChartView.mm; path = mac/PieChartView.mm; sourceTree = "<group>"; };
		D082ACED124E2B8600C525E1 /* AreaChartView.mm */ = {isa = PBXFileReference; fileEncoding = 4; lastKnownFileType = sourcecode.cpp.objcpp; name = AreaChartView.mm; path = mac/AreaChartView.mm; sourceTree = "<group>"; };
		D082ACEE124E2B8600C525E1 /* IndexBarTextCell.m */ = {isa = PBXFileReference; fileEncoding = 4; lastKnownFileType = sourcecode.c.objc; name = IndexBarTextCell.m; path = mac/IndexBarTextCell.m; sourceTree = "<group>"; };
		D082ACEF124E2B8600C525E1 /* StashAppDelegate.h */ = {isa = PBXFileReference; fileEncoding = 4; lastKnownFileType = sourcecode.c.h; name = StashAppDelegate.h; path = mac/StashAppDelegate.h; sourceTree = "<group>"; };
		D082ACF0124E2B8600C525E1 /* DropDownWindow.m */ = {isa = PBXFileReference; fileEncoding = 4; lastKnownFileType = sourcecode.c.objc; name = DropDownWindow.m; path = mac/DropDownWindow.m; sourceTree = "<group>"; };
		D082ACF1124E2B8600C525E1 /* ImportQIFController.mm */ = {isa = PBXFileReference; fileEncoding = 4; lastKnownFileType = sourcecode.cpp.objcpp; name = ImportQIFController.mm; path = mac/ImportQIFController.mm; sourceTree = "<group>"; };
		D082ACF3124E2B8600C525E1 /* AccountInfoController.mm */ = {isa = PBXFileReference; fileEncoding = 4; lastKnownFileType = sourcecode.cpp.objcpp; name = AccountInfoController.mm; path = mac/AccountInfoController.mm; sourceTree = "<group>"; };
		D082ACF4124E2B8600C525E1 /* AddAccountController.mm */ = {isa = PBXFileReference; fileEncoding = 4; lastKnownFileType = sourcecode.cpp.objcpp; name = AddAccountController.mm; path = mac/AddAccountController.mm; sourceTree = "<group>"; };
		D082ACF5124E2B8600C525E1 /* AddAccountController.h */ = {isa = PBXFileReference; fileEncoding = 4; lastKnownFileType = sourcecode.c.h; name = AddAccountController.h; path = mac/AddAccountController.h; sourceTree = "<group>"; };
		D082ACF6124E2B8600C525E1 /* TransactionItem.mm */ = {isa = PBXFileReference; fileEncoding = 4; lastKnownFileType = sourcecode.cpp.objcpp; name = TransactionItem.mm; path = mac/TransactionItem.mm; sourceTree = "<group>"; };
		D082ACF7124E2B8600C525E1 /* IndexBar.m */ = {isa = PBXFileReference; fileEncoding = 4; lastKnownFileType = sourcecode.c.objc; name = IndexBar.m; path = mac/IndexBar.m; sourceTree = "<group>"; };
		D082ACF8124E2B8600C525E1 /* OverviewChartView.mm */ = {isa = PBXFileReference; fileEncoding = 4; lastKnownFileType = sourcecode.cpp.objcpp; name = OverviewChartView.mm; path = mac/OverviewChartView.mm; sourceTree = "<group>"; };
		D082ACF9124E2B8600C525E1 /* IndexBar.h */ = {isa = PBXFileReference; fileEncoding = 4; lastKnownFileType = sourcecode.c.h; name = IndexBar.h; path = mac/IndexBar.h; sourceTree = "<group>"; };
		D082ACFA124E2B8600C525E1 /* IndexBarTextCell.h */ = {isa = PBXFileReference; fileEncoding = 4; lastKnownFileType = sourcecode.c.h; name = IndexBarTextCell.h; path = mac/IndexBarTextCell.h; sourceTree = "<group>"; };
		D082ACFB124E2B8600C525E1 /* IndexItem.m */ = {isa = PBXFileReference; fileEncoding = 4; lastKnownFileType = sourcecode.c.objc; name = IndexItem.m; path = mac/IndexItem.m; sourceTree = "<group>"; };
		D082ACFC124E2B8600C525E1 /* IndexItem.h */ = {isa = PBXFileReference; fileEncoding = 4; lastKnownFileType = sourcecode.c.h; name = IndexItem.h; path = mac/IndexItem.h; sourceTree = "<group>"; };
		D082ACFD124E2B8600C525E1 /* NSPreProcessTextField.mm */ = {isa = PBXFileReference; fileEncoding = 4; lastKnownFileType = sourcecode.cpp.objcpp; name = NSPreProcessTextField.mm; path = mac/NSPreProcessTextField.mm; sourceTree = "<group>"; };
		D082ACFE124E2B8600C525E1 /* NSPreProcessTextField.h */ = {isa = PBXFileReference; fileEncoding = 4; lastKnownFileType = sourcecode.c.h; name = NSPreProcessTextField.h; path = mac/NSPreProcessTextField.h; sourceTree = "<group>"; };
		D082ACFF124E2B8600C525E1 /* DropDownWindow.h */ = {isa = PBXFileReference; fileEncoding = 4; lastKnownFileType = sourcecode.c.h; name = DropDownWindow.h; path = mac/DropDownWindow.h; sourceTree = "<group>"; };
		D082AD00124E2B8600C525E1 /* OverviewChartView.h */ = {isa = PBXFileReference; fileEncoding = 4; lastKnownFileType = sourcecode.c.h; name = OverviewChartView.h; path = mac/OverviewChartView.h; sourceTree = "<group>"; };
		D082AD01124E2B8600C525E1 /* TransactionItem.h */ = {isa = PBXFileReference; fileEncoding = 4; lastKnownFileType = sourcecode.c.h; name = TransactionItem.h; path = mac/TransactionItem.h; sourceTree = "<group>"; };
		D082AD02124E2B8600C525E1 /* MakeTransferController.mm */ = {isa = PBXFileReference; fileEncoding = 4; lastKnownFileType = sourcecode.cpp.objcpp; name = MakeTransferController.mm; path = mac/MakeTransferController.mm; sourceTree = "<group>"; };
		D082AD03124E2B8600C525E1 /* MakeTransferController.h */ = {isa = PBXFileReference; fileEncoding = 4; lastKnownFileType = sourcecode.c.h; name = MakeTransferController.h; path = mac/MakeTransferController.h; sourceTree = "<group>"; };
		D082AD04124E2B8600C525E1 /* DropDownDate.m */ = {isa = PBXFileReference; fileEncoding = 4; lastKnownFileType = sourcecode.c.objc; name = DropDownDate.m; path = mac/DropDownDate.m; sourceTree = "<group>"; };
		D082AD05124E2B8600C525E1 /* DropDownDate.h */ = {isa = PBXFileReference; fileEncoding = 4; lastKnownFileType = sourcecode.c.h; name = DropDownDate.h; path = mac/DropDownDate.h; sourceTree = "<group>"; };
		D082AD06124E2B8600C525E1 /* ImportQIFController.h */ = {isa = PBXFileReference; fileEncoding = 4; lastKnownFileType = sourcecode.c.h; name = ImportQIFController.h; path = mac/ImportQIFController.h; sourceTree = "<group>"; };
		D082AD07124E2B8600C525E1 /* ImportOFXController.mm */ = {isa = PBXFileReference; fileEncoding = 4; lastKnownFileType = sourcecode.cpp.objcpp; name = ImportOFXController.mm; path = mac/ImportOFXController.mm; sourceTree = "<group>"; };
		D082AD08124E2B8600C525E1 /* ImportOFXController.h */ = {isa = PBXFileReference; fileEncoding = 4; lastKnownFileType = sourcecode.c.h; name = ImportOFXController.h; path = mac/ImportOFXController.h; sourceTree = "<group>"; };
		D082AD09124E2B8600C525E1 /* PieChartView.h */ = {isa = PBXFileReference; fileEncoding = 4; lastKnownFileType = sourcecode.c.h; name = PieChartView.h; path = mac/PieChartView.h; sourceTree = "<group>"; };
		D082AD0A124E2B8600C525E1 /* AreaChartView.h */ = {isa = PBXFileReference; fileEncoding = 4; lastKnownFileType = sourcecode.c.h; name = AreaChartView.h; path = mac/AreaChartView.h; sourceTree = "<group>"; };
		D082AD0C124E2B8600C525E1 /* PreferencesController.h */ = {isa = PBXFileReference; fileEncoding = 4; lastKnownFileType = sourcecode.c.h; name = PreferencesController.h; path = mac/PreferencesController.h; sourceTree = "<group>"; };
		D082AD0D124E2B8600C525E1 /* ExportOFXController.mm */ = {isa = PBXFileReference; fileEncoding = 4; lastKnownFileType = sourcecode.cpp.objcpp; name = ExportOFXController.mm; path = mac/ExportOFXController.mm; sourceTree = "<group>"; };
		D082AD0E124E2B8600C525E1 /* ExportOFXController.h */ = {isa = PBXFileReference; fileEncoding = 4; lastKnownFileType = sourcecode.c.h; name = ExportOFXController.h; path = mac/ExportOFXController.h; sourceTree = "<group>"; };
		D082AD0F124E2B8600C525E1 /* SIndexSplitView.m */ = {isa = PBXFileReference; fileEncoding = 4; lastKnownFileType = sourcecode.c.objc; name = SIndexSplitView.m; path = mac/SIndexSplitView.m; sourceTree = "<group>"; };
		D082AD10124E2B8600C525E1 /* STransactionsSplitView.m */ = {isa = PBXFileReference; fileEncoding = 4; lastKnownFileType = sourcecode.c.objc; name = STransactionsSplitView.m; path = mac/STransactionsSplitView.m; sourceTree = "<group>"; };
		D082AD11124E2B8600C525E1 /* DueScheduledTransactionsController.h */ = {isa = PBXFileReference; fileEncoding = 4; lastKnownFileType = sourcecode.c.h; name = DueScheduledTransactionsController.h; path = mac/DueScheduledTransactionsController.h; sourceTree = "<group>"; };
		D082AD13124E2B8600C525E1 /* NSDateEx.m */ = {isa = PBXFileReference; fileEncoding = 4; lastKnownFileType = sourcecode.c.objc; name = NSDateEx.m; path = mac/NSDateEx.m; sourceTree = "<group>"; };
		D082AD14124E2B8600C525E1 /* NSDateEx.h */ = {isa = PBXFileReference; fileEncoding = 4; lastKnownFileType = sourcecode.c.h; name = NSDateEx.h; path = mac/NSDateEx.h; sourceTree = "<group>"; };
		D082AD15124E2B8600C525E1 /* ToolbarItemEx.h */ = {isa = PBXFileReference; fileEncoding = 4; lastKnownFileType = sourcecode.c.h; name = ToolbarItemEx.h; path = mac/ToolbarItemEx.h; sourceTree = "<group>"; };
		D082AD16124E2B8600C525E1 /* ToolbarItemEx.m */ = {isa = PBXFileReference; fileEncoding = 4; lastKnownFileType = sourcecode.c.objc; name = ToolbarItemEx.m; path = mac/ToolbarItemEx.m; sourceTree = "<group>"; };
		D082AD17124E2B8600C525E1 /* SplitViewEx.m */ = {isa = PBXFileReference; fileEncoding = 4; lastKnownFileType = sourcecode.c.objc; name = SplitViewEx.m; path = mac/SplitViewEx.m; sourceTree = "<group>"; };
		D082AD18124E2B8600C525E1 /* SplitViewEx.h */ = {isa = PBXFileReference; fileEncoding = 4; lastKnownFileType = sourcecode.c.h; name = SplitViewEx.h; path = mac/SplitViewEx.h; sourceTree = "<group>"; };
		D082AD19124E2B8600C525E1 /* AccountInfoController.h */ = {isa = PBXFileReference; fileEncoding = 4; lastKnownFileType = sourcecode.c.h; name = AccountInfoController.h; path = mac/AccountInfoController.h; sourceTree = "<group>"; };
		D082AD1A124E2B8600C525E1 /* SIndexSplitView.h */ = {isa = PBXFileReference; fileEncoding = 4; lastKnownFileType = sourcecode.c.h; name = SIndexSplitView.h; path = mac/SIndexSplitView.h; sourceTree = "<group>"; };
		D082AD1B124E2B8600C525E1 /* STransactionsSplitView.h */ = {isa = PBXFileReference; fileEncoding = 4; lastKnownFileType = sourcecode.c.h; name = STransactionsSplitView.h; path = mac/STransactionsSplitView.h; sourceTree = "<group>"; };
		D082AD1C124E2B8600C525E1 /* PreferencesWindow.h */ = {isa = PBXFileReference; fileEncoding = 4; lastKnownFileType = sourcecode.c.h; name = PreferencesWindow.h; path = mac/PreferencesWindow.h; sourceTree = "<group>"; };
		D082AD1D124E2B8600C525E1 /* main.m */ = {isa = PBXFileReference; fileEncoding = 4; lastKnownFileType = sourcecode.c.objc; name = main.m; path = mac/main.m; sourceTree = "<group>"; };
		D082AD1E124E2B8600C525E1 /* Stash_Prefix.pch */ = {isa = PBXFileReference; fileEncoding = 4; lastKnownFileType = sourcecode.c.h; name = Stash_Prefix.pch; path = mac/Stash_Prefix.pch; sourceTree = "<group>"; };
		D082AD3C124E2BB600C525E1 /* Stash-Info.plist */ = {isa = PBXFileReference; fileEncoding = 4; lastKnownFileType = text.plist.xml; name = "Stash-Info.plist"; path = "mac/Stash-Info.plist"; sourceTree = "<group>"; };
		D082AD66124E2BB600C525E1 /* Credits.html */ = {isa = PBXFileReference; fileEncoding = 4; lastKnownFileType = text.html; name = Credits.html; path = mac/Credits.html; sourceTree = "<group>"; };
		D082AD80124E2BD500C525E1 /* add_account.png */ = {isa = PBXFileReference; lastKnownFileType = image.png; path = add_account.png; sourceTree = "<group>"; };
		D082AD81124E2BD500C525E1 /* add_graph.png */ = {isa = PBXFileReference; lastKnownFileType = image.png; path = add_graph.png; sourceTree = "<group>"; };
		D082AD82124E2BD500C525E1 /* area_prefs.png */ = {isa = PBXFileReference; lastKnownFileType = image.png; path = area_prefs.png; sourceTree = "<group>"; };
		D082AD83124E2BD500C525E1 /* cal.png */ = {isa = PBXFileReference; lastKnownFileType = image.png; path = cal.png; sourceTree = "<group>"; };
		D082AD84124E2BD500C525E1 /* cleared_checked.png */ = {isa = PBXFileReference; lastKnownFileType = image.png; path = cleared_checked.png; sourceTree = "<group>"; };
		D082AD85124E2BD500C525E1 /* cleared_unchecked.png */ = {isa = PBXFileReference; lastKnownFileType = image.png; path = cleared_unchecked.png; sourceTree = "<group>"; };
		D082AD86124E2BD500C525E1 /* down.png */ = {isa = PBXFileReference; lastKnownFileType = image.png; path = down.png; sourceTree = "<group>"; };
		D082AD87124E2BD500C525E1 /* make_transfer.png */ = {isa = PBXFileReference; lastKnownFileType = image.png; path = make_transfer.png; sourceTree = "<group>"; };
		D082AD88124E2BD500C525E1 /* pie_prefs.png */ = {isa = PBXFileReference; lastKnownFileType = image.png; path = pie_prefs.png; sourceTree = "<group>"; };
		D082AD89124E2BD500C525E1 /* split.png */ = {isa = PBXFileReference; lastKnownFileType = image.png; path = split.png; sourceTree = "<group>"; };
		D082AD8A124E2BD500C525E1 /* stash.icns */ = {isa = PBXFileReference; lastKnownFileType = image.icns; path = stash.icns; sourceTree = "<group>"; };
		D082AD8B124E2BD500C525E1 /* stashdocument.icns */ = {isa = PBXFileReference; lastKnownFileType = image.icns; path = stashdocument.icns; sourceTree = "<group>"; };
		D082AD8C124E2BD500C525E1 /* trans_prefs.png */ = {isa = PBXFileReference; lastKnownFileType = image.png; path = trans_prefs.png; sourceTree = "<group>"; };
		D082AD8D124E2BD500C525E1 /* up.png */ = {isa = PBXFileReference; lastKnownFileType = image.png; path = up.png; sourceTree = "<group>"; };
		D09FE555124EBCAC00F68813 /* GraphController.h */ = {isa = PBXFileReference; fileEncoding = 4; lastKnownFileType = sourcecode.c.h; name = GraphController.h; path = mac/GraphController.h; sourceTree = "<group>"; };
		D09FE556124EBCAC00F68813 /* GraphController.mm */ = {isa = PBXFileReference; fileEncoding = 4; lastKnownFileType = sourcecode.cpp.objcpp; name = GraphController.mm; path = mac/GraphController.mm; sourceTree = "<group>"; };
		D0D29EBE22C416F200BF5BB0 /* DueScheduledTransactionsController.mm */ = {isa = PBXFileReference; fileEncoding = 4; lastKnownFileType = sourcecode.cpp.objcpp; name = DueScheduledTransactionsController.mm; path = mac/DueScheduledTransactionsController.mm; sourceTree = "<group>"; };
/* End PBXFileReference section */

/* Begin PBXFrameworksBuildPhase section */
		8D11072E0486CEB800E47090 /* Frameworks */ = {
			isa = PBXFrameworksBuildPhase;
			buildActionMask = 2147483647;
			files = (
				8D11072F0486CEB800E47090 /* Cocoa.framework in Frameworks */,
			);
			runOnlyForDeploymentPostprocessing = 0;
		};
/* End PBXFrameworksBuildPhase section */

/* Begin PBXGroup section */
		080E96DDFE201D6D7F000001 /* Classes */ = {
			isa = PBXGroup;
			children = (
				D04734701269F4E1002E5A71 /* ValueFormatter.h */,
				D04734711269F4E1002E5A71 /* ValueFormatter.mm */,
				D0D29EBE22C416F200BF5BB0 /* DueScheduledTransactionsController.mm */,
				D09FE555124EBCAC00F68813 /* GraphController.h */,
				D0084E6222C4506700661851 /* PreferencesController.mm */,
				D0084E6322C4506700661851 /* PreferencesWindow.mm */,
				D09FE556124EBCAC00F68813 /* GraphController.mm */,
				D082ACEA124E2B8600C525E1 /* TransactionsController.h */,
				D082ACEB124E2B8600C525E1 /* TransactionsController.mm */,
				D082ACEC124E2B8600C525E1 /* PieChartView.mm */,
				D082ACED124E2B8600C525E1 /* AreaChartView.mm */,
				D082ACEE124E2B8600C525E1 /* IndexBarTextCell.m */,
				D082ACF0124E2B8600C525E1 /* DropDownWindow.m */,
				D082ACF3124E2B8600C525E1 /* AccountInfoController.mm */,
				D082ACF4124E2B8600C525E1 /* AddAccountController.mm */,
				D082ACF5124E2B8600C525E1 /* AddAccountController.h */,
				D082ACF6124E2B8600C525E1 /* TransactionItem.mm */,
				D082ACF7124E2B8600C525E1 /* IndexBar.m */,
				D082ACF8124E2B8600C525E1 /* OverviewChartView.mm */,
				D082ACF9124E2B8600C525E1 /* IndexBar.h */,
				D082ACFA124E2B8600C525E1 /* IndexBarTextCell.h */,
				D082ACFB124E2B8600C525E1 /* IndexItem.m */,
				D082ACFC124E2B8600C525E1 /* IndexItem.h */,
				D082ACFD124E2B8600C525E1 /* NSPreProcessTextField.mm */,
				D082ACFE124E2B8600C525E1 /* NSPreProcessTextField.h */,
				D082ACFF124E2B8600C525E1 /* DropDownWindow.h */,
				D082AD00124E2B8600C525E1 /* OverviewChartView.h */,
				D082AD01124E2B8600C525E1 /* TransactionItem.h */,
				D082AD02124E2B8600C525E1 /* MakeTransferController.mm */,
				D082AD03124E2B8600C525E1 /* MakeTransferController.h */,
				D082AD04124E2B8600C525E1 /* DropDownDate.m */,
				D082AD05124E2B8600C525E1 /* DropDownDate.h */,
				D082ACF1124E2B8600C525E1 /* ImportQIFController.mm */,
				D082AD06124E2B8600C525E1 /* ImportQIFController.h */,
				D082AD07124E2B8600C525E1 /* ImportOFXController.mm */,
				D082AD08124E2B8600C525E1 /* ImportOFXController.h */,
				D082AD09124E2B8600C525E1 /* PieChartView.h */,
				D082AD0A124E2B8600C525E1 /* AreaChartView.h */,
				D082AD0C124E2B8600C525E1 /* PreferencesController.h */,
				D082AD0D124E2B8600C525E1 /* ExportOFXController.mm */,
				D082AD0E124E2B8600C525E1 /* ExportOFXController.h */,
				D082AD0F124E2B8600C525E1 /* SIndexSplitView.m */,
				D082AD10124E2B8600C525E1 /* STransactionsSplitView.m */,
				D082AD11124E2B8600C525E1 /* DueScheduledTransactionsController.h */,
				D082AD13124E2B8600C525E1 /* NSDateEx.m */,
				D082AD14124E2B8600C525E1 /* NSDateEx.h */,
				D082AD15124E2B8600C525E1 /* ToolbarItemEx.h */,
				D082AD16124E2B8600C525E1 /* ToolbarItemEx.m */,
				D082AD17124E2B8600C525E1 /* SplitViewEx.m */,
				D082AD18124E2B8600C525E1 /* SplitViewEx.h */,
				D082AD19124E2B8600C525E1 /* AccountInfoController.h */,
				D082AD1A124E2B8600C525E1 /* SIndexSplitView.h */,
				D082AD1B124E2B8600C525E1 /* STransactionsSplitView.h */,
				D082AD1C124E2B8600C525E1 /* PreferencesWindow.h */,
			);
			name = Classes;
			sourceTree = "<group>";
		};
		1058C7A0FEA54F0111CA2CBB /* Linked Frameworks */ = {
			isa = PBXGroup;
			children = (
				1058C7A1FEA54F0111CA2CBB /* Cocoa.framework */,
			);
			name = "Linked Frameworks";
			sourceTree = "<group>";
		};
		1058C7A2FEA54F0111CA2CBB /* Other Frameworks */ = {
			isa = PBXGroup;
			children = (
				29B97324FDCFA39411CA2CEA /* AppKit.framework */,
				13E42FB307B3F0F600E4EEF1 /* CoreData.framework */,
				29B97325FDCFA39411CA2CEA /* Foundation.framework */,
			);
			name = "Other Frameworks";
			sourceTree = "<group>";
		};
		19C28FACFE9D520D11CA2CBB /* Products */ = {
			isa = PBXGroup;
			children = (
				8D1107320486CEB800E47090 /* Stash.app */,
			);
			name = Products;
			sourceTree = "<group>";
		};
		29B97314FDCFA39411CA2CEA /* Stash */ = {
			isa = PBXGroup;
			children = (
				D082AD7F124E2BD500C525E1 /* images */,
				D082AD3C124E2BB600C525E1 /* Stash-Info.plist */,
				D082AD66124E2BB600C525E1 /* Credits.html */,
				D082ACE9124E2B8600C525E1 /* StashAppDelegate.mm */,
				D082ACEF124E2B8600C525E1 /* StashAppDelegate.h */,
				D082AD1D124E2B8600C525E1 /* main.m */,
				D082AD1E124E2B8600C525E1 /* Stash_Prefix.pch */,
				D082ACC1124E2B2C00C525E1 /* core */,
				080E96DDFE201D6D7F000001 /* Classes */,
				29B97315FDCFA39411CA2CEA /* Other Sources */,
				29B97317FDCFA39411CA2CEA /* Resources */,
				29B97323FDCFA39411CA2CEA /* Frameworks */,
				19C28FACFE9D520D11CA2CBB /* Products */,
			);
			name = Stash;
			sourceTree = "<group>";
		};
		29B97315FDCFA39411CA2CEA /* Other Sources */ = {
			isa = PBXGroup;
			children = (
			);
			name = "Other Sources";
			sourceTree = "<group>";
		};
		29B97317FDCFA39411CA2CEA /* Resources */ = {
			isa = PBXGroup;
			children = (
				D0135CFD12761A8F0000C529 /* AccountInfo.strings */,
				D0135CFE12761A8F0000C529 /* AccountInfo.xib */,
				D0135CFF12761A8F0000C529 /* AddAccount.strings */,
				D0135D0012761A8F0000C529 /* AddAccount.xib */,
				D0135D0112761A8F0000C529 /* DueScheduledTransactions.strings */,
				D0135D0212761A8F0000C529 /* DueScheduledTransactions.xib */,
				D0135D0312761A8F0000C529 /* ExportOFX.strings */,
				D0135D0412761A8F0000C529 /* ExportOFX.xib */,
				D0135D0512761A8F0000C529 /* ImportOFX.strings */,
				D0135D0612761A8F0000C529 /* ImportOFX.xib */,
				D0135D0712761A8F0000C529 /* ImportQIF.strings */,
				D0135D0812761A8F0000C529 /* ImportQIF.xib */,
				D0135D0912761A8F0000C529 /* InfoPlist.strings */,
				D0135D0A12761A8F0000C529 /* Localizable.strings */,
				D0135D0B12761A8F0000C529 /* MainMenu.strings */,
				D0135D0C12761A8F0000C529 /* MainMenu.xib */,
				D0135D0D12761A8F0000C529 /* MakeTransfer.strings */,
				D0135D0E12761A8F0000C529 /* MakeTransfer.xib */,
				D0135D0F12761A8F0000C529 /* Preferences.strings */,
				D0135D1012761A8F0000C529 /* Preferences.xib */,
			);
			name = Resources;
			sourceTree = "<group>";
		};
		29B97323FDCFA39411CA2CEA /* Frameworks */ = {
			isa = PBXGroup;
			children = (
				1058C7A0FEA54F0111CA2CBB /* Linked Frameworks */,
				1058C7A2FEA54F0111CA2CBB /* Other Frameworks */,
			);
			name = Frameworks;
			sourceTree = "<group>";
		};
		D082ACC1124E2B2C00C525E1 /* core */ = {
			isa = PBXGroup;
			children = (
				D082ACC2124E2B2C00C525E1 /* account.cpp */,
				D082ACC3124E2B2C00C525E1 /* account.h */,
				D082ACC4124E2B2C00C525E1 /* analysis.cpp */,
				D082ACC5124E2B2C00C525E1 /* analysis.h */,
				D082ACC6124E2B2C00C525E1 /* date.cpp */,
				D082ACC7124E2B2C00C525E1 /* date.h */,
				D082ACC8124E2B2C00C525E1 /* document.cpp */,
				D082ACC9124E2B2C00C525E1 /* document.h */,
				D082ACCA124E2B2C00C525E1 /* expression_parser.cpp */,
				D082ACCB124E2B2C00C525E1 /* expression_parser.h */,
				D082ACCC124E2B2C00C525E1 /* fixed.cpp */,
				D082ACCD124E2B2C00C525E1 /* fixed.h */,
				D082ACCE124E2B2C00C525E1 /* graph.cpp */,
				D082ACCF124E2B2C00C525E1 /* graph.h */,
				D082ACD0124E2B2C00C525E1 /* io_ofx.cpp */,
				D082ACD1124E2B2C00C525E1 /* io_ofx.h */,
				D082ACD6124E2B2C00C525E1 /* io_qif.cpp */,
				D082ACD7124E2B2C00C525E1 /* io_qif.h */,
				D082ACD2124E2B2C00C525E1 /* scheduled_transaction.cpp */,
				D082ACD3124E2B2C00C525E1 /* scheduled_transaction.h */,
				D082ACD4124E2B2C00C525E1 /* split_transaction.cpp */,
				D082ACD5124E2B2C00C525E1 /* split_transaction.h */,
				D082ACD8124E2B2C00C525E1 /* string.h */,
				D082ACD9124E2B2C00C525E1 /* transaction.cpp */,
				D082ACDA124E2B2C00C525E1 /* transaction.h */,
			);
			path = core;
			sourceTree = "<group>";
		};
		D082AD7F124E2BD500C525E1 /* images */ = {
			isa = PBXGroup;
			children = (
				D082AD80124E2BD500C525E1 /* add_account.png */,
				D082AD81124E2BD500C525E1 /* add_graph.png */,
				D082AD82124E2BD500C525E1 /* area_prefs.png */,
				D082AD83124E2BD500C525E1 /* cal.png */,
				D082AD84124E2BD500C525E1 /* cleared_checked.png */,
				D082AD85124E2BD500C525E1 /* cleared_unchecked.png */,
				D082AD86124E2BD500C525E1 /* down.png */,
				D082AD87124E2BD500C525E1 /* make_transfer.png */,
				D082AD88124E2BD500C525E1 /* pie_prefs.png */,
				D082AD89124E2BD500C525E1 /* split.png */,
				D082AD8A124E2BD500C525E1 /* stash.icns */,
				D082AD8B124E2BD500C525E1 /* stashdocument.icns */,
				D082AD8C124E2BD500C525E1 /* trans_prefs.png */,
				D082AD8D124E2BD500C525E1 /* up.png */,
			);
			path = images;
			sourceTree = "<group>";
		};
/* End PBXGroup section */

/* Begin PBXNativeTarget section */
		8D1107260486CEB800E47090 /* Stash */ = {
			isa = PBXNativeTarget;
			buildConfigurationList = C01FCF4A08A954540054247B /* Build configuration list for PBXNativeTarget "Stash" */;
			buildPhases = (
				8D1107290486CEB800E47090 /* Resources */,
				8D11072C0486CEB800E47090 /* Sources */,
				8D11072E0486CEB800E47090 /* Frameworks */,
			);
			buildRules = (
			);
			dependencies = (
			);
			name = Stash;
			productInstallPath = "$(HOME)/Applications";
			productName = Stash;
			productReference = 8D1107320486CEB800E47090 /* Stash.app */;
			productType = "com.apple.product-type.application";
		};
/* End PBXNativeTarget section */

/* Begin PBXProject section */
		29B97313FDCFA39411CA2CEA /* Project object */ = {
			isa = PBXProject;
			attributes = {
				LastUpgradeCheck = 1020;
			};
			buildConfigurationList = C01FCF4E08A954540054247B /* Build configuration list for PBXProject "Stash" */;
			compatibilityVersion = "Xcode 3.2";
			developmentRegion = en;
			hasScannedForEncodings = 1;
			knownRegions = (
				en,
				ja,
				de,
				fr,
				Base,
			);
			mainGroup = 29B97314FDCFA39411CA2CEA /* Stash */;
			projectDirPath = "";
			projectRoot = "";
			targets = (
				8D1107260486CEB800E47090 /* Stash */,
			);
		};
/* End PBXProject section */

/* Begin PBXResourcesBuildPhase section */
		8D1107290486CEB800E47090 /* Resources */ = {
			isa = PBXResourcesBuildPhase;
			buildActionMask = 2147483647;
			files = (
				D082AD7C124E2BB600C525E1 /* Credits.html in Resources */,
				D082AD8E124E2BD500C525E1 /* add_account.png in Resources */,
				D082AD8F124E2BD500C525E1 /* add_graph.png in Resources */,
				D082AD90124E2BD500C525E1 /* area_prefs.png in Resources */,
				D082AD91124E2BD500C525E1 /* cal.png in Resources */,
				D082AD92124E2BD500C525E1 /* cleared_checked.png in Resources */,
				D082AD93124E2BD500C525E1 /* cleared_unchecked.png in Resources */,
				D082AD94124E2BD500C525E1 /* down.png in Resources */,
				D082AD95124E2BD500C525E1 /* make_transfer.png in Resources */,
				D082AD96124E2BD500C525E1 /* pie_prefs.png in Resources */,
				D082AD97124E2BD500C525E1 /* split.png in Resources */,
				D082AD98124E2BD500C525E1 /* stash.icns in Resources */,
				D082AD99124E2BD500C525E1 /* stashdocument.icns in Resources */,
				D082AD9A124E2BD500C525E1 /* trans_prefs.png in Resources */,
				D082AD9B124E2BD500C525E1 /* up.png in Resources */,
				D0135D1112761A8F0000C529 /* AccountInfo.strings in Resources */,
				D0135D1212761A8F0000C529 /* AccountInfo.xib in Resources */,
				D0135D1312761A8F0000C529 /* AddAccount.strings in Resources */,
				D0135D1412761A8F0000C529 /* AddAccount.xib in Resources */,
				D0135D1512761A8F0000C529 /* DueScheduledTransactions.strings in Resources */,
				D0135D1612761A8F0000C529 /* DueScheduledTransactions.xib in Resources */,
				D0135D1712761A8F0000C529 /* ExportOFX.strings in Resources */,
				D0135D1812761A8F0000C529 /* ExportOFX.xib in Resources */,
				D0135D1912761A8F0000C529 /* ImportOFX.strings in Resources */,
				D0135D1A12761A8F0000C529 /* ImportOFX.xib in Resources */,
				D0135D1B12761A8F0000C529 /* ImportQIF.strings in Resources */,
				D0135D1C12761A8F0000C529 /* ImportQIF.xib in Resources */,
				D0135D1D12761A8F0000C529 /* InfoPlist.strings in Resources */,
				D0135D1E12761A8F0000C529 /* Localizable.strings in Resources */,
				D0135D1F12761A8F0000C529 /* MainMenu.strings in Resources */,
				D0135D2012761A8F0000C529 /* MainMenu.xib in Resources */,
				D0135D2112761A8F0000C529 /* MakeTransfer.strings in Resources */,
				D0135D2212761A8F0000C529 /* MakeTransfer.xib in Resources */,
				D0135D2312761A8F0000C529 /* Preferences.strings in Resources */,
				D0135D2412761A8F0000C529 /* Preferences.xib in Resources */,
			);
			runOnlyForDeploymentPostprocessing = 0;
		};
/* End PBXResourcesBuildPhase section */

/* Begin PBXSourcesBuildPhase section */
		8D11072C0486CEB800E47090 /* Sources */ = {
			isa = PBXSourcesBuildPhase;
			buildActionMask = 2147483647;
			files = (
				D082ACDB124E2B2C00C525E1 /* account.cpp in Sources */,
				D082ACDC124E2B2C00C525E1 /* analysis.cpp in Sources */,
				D082ACDD124E2B2C00C525E1 /* date.cpp in Sources */,
				D082ACDE124E2B2C00C525E1 /* document.cpp in Sources */,
				D082ACDF124E2B2C00C525E1 /* expression_parser.cpp in Sources */,
				D082ACE0124E2B2C00C525E1 /* fixed.cpp in Sources */,
				D0084E6422C4506700661851 /* PreferencesController.mm in Sources */,
				D082ACE1124E2B2C00C525E1 /* graph.cpp in Sources */,
				D082ACE2124E2B2C00C525E1 /* io_ofx.cpp in Sources */,
				D082ACE3124E2B2C00C525E1 /* scheduled_transaction.cpp in Sources */,
				D082ACE4124E2B2C00C525E1 /* split_transaction.cpp in Sources */,
				D082ACE5124E2B2C00C525E1 /* io_qif.cpp in Sources */,
				D082ACE6124E2B2C00C525E1 /* transaction.cpp in Sources */,
				D082AD1F124E2B8600C525E1 /* StashAppDelegate.mm in Sources */,
				D082AD20124E2B8600C525E1 /* TransactionsController.mm in Sources */,
				D082AD21124E2B8600C525E1 /* PieChartView.mm in Sources */,
				D082AD22124E2B8600C525E1 /* AreaChartView.mm in Sources */,
				D082AD23124E2B8600C525E1 /* IndexBarTextCell.m in Sources */,
				D082AD24124E2B8600C525E1 /* DropDownWindow.m in Sources */,
				D082AD25124E2B8600C525E1 /* ImportQIFController.mm in Sources */,
				D082AD27124E2B8600C525E1 /* AccountInfoController.mm in Sources */,
				D082AD28124E2B8600C525E1 /* AddAccountController.mm in Sources */,
				D082AD29124E2B8600C525E1 /* TransactionItem.mm in Sources */,
				D082AD2A124E2B8600C525E1 /* IndexBar.m in Sources */,
				D082AD2B124E2B8600C525E1 /* OverviewChartView.mm in Sources */,
				D082AD2C124E2B8600C525E1 /* IndexItem.m in Sources */,
				D082AD2D124E2B8600C525E1 /* NSPreProcessTextField.mm in Sources */,
				D082AD2E124E2B8600C525E1 /* MakeTransferController.mm in Sources */,
				D082AD2F124E2B8600C525E1 /* DropDownDate.m in Sources */,
				D082AD30124E2B8600C525E1 /* ImportOFXController.mm in Sources */,
				D082AD32124E2B8600C525E1 /* ExportOFXController.mm in Sources */,
				D0D29EBF22C416F300BF5BB0 /* DueScheduledTransactionsController.mm in Sources */,
				D082AD33124E2B8600C525E1 /* SIndexSplitView.m in Sources */,
				D082AD34124E2B8600C525E1 /* STransactionsSplitView.m in Sources */,
				D082AD36124E2B8600C525E1 /* NSDateEx.m in Sources */,
				D082AD37124E2B8600C525E1 /* ToolbarItemEx.m in Sources */,
				D082AD38124E2B8600C525E1 /* SplitViewEx.m in Sources */,
				D0084E6522C4506700661851 /* PreferencesWindow.mm in Sources */,
				D082AD39124E2B8600C525E1 /* main.m in Sources */,
				D09FE557124EBCAC00F68813 /* GraphController.mm in Sources */,
				D04734721269F4E1002E5A71 /* ValueFormatter.mm in Sources */,
			);
			runOnlyForDeploymentPostprocessing = 0;
		};
/* End PBXSourcesBuildPhase section */

/* Begin XCBuildConfiguration section */
		C01FCF4B08A954540054247B /* Debug */ = {
			isa = XCBuildConfiguration;
			buildSettings = {
				ALWAYS_SEARCH_USER_PATHS = NO;
				CLANG_ENABLE_OBJC_WEAK = YES;
				COMBINE_HIDPI_IMAGES = YES;
				COPY_PHASE_STRIP = NO;
				GCC_DYNAMIC_NO_PIC = NO;
				GCC_MODEL_TUNING = "";
				GCC_OPTIMIZATION_LEVEL = 0;
				GCC_PRECOMPILE_PREFIX_HEADER = YES;
				GCC_PREFIX_HEADER = mac/Stash_Prefix.pch;
				INFOPLIST_FILE = "mac/Stash-Info.plist";
				INSTALL_PATH = "$(HOME)/Applications";
				MACOSX_DEPLOYMENT_TARGET = 10.9;
				PRODUCT_BUNDLE_IDENTIFIER = com.peterpearson.Stash;
				PRODUCT_NAME = Stash;
				SDKROOT = macosx;
			};
			name = Debug;
		};
		C01FCF4C08A954540054247B /* Release */ = {
			isa = XCBuildConfiguration;
			buildSettings = {
				ALWAYS_SEARCH_USER_PATHS = NO;
				CLANG_ENABLE_OBJC_WEAK = YES;
				COMBINE_HIDPI_IMAGES = YES;
				DEBUG_INFORMATION_FORMAT = "dwarf-with-dsym";
				FRAMEWORK_SEARCH_PATHS = mac;
				GCC_MODEL_TUNING = "";
				GCC_PRECOMPILE_PREFIX_HEADER = YES;
				GCC_PREFIX_HEADER = mac/Stash_Prefix.pch;
				HEADER_SEARCH_PATHS = mac;
				INFOPLIST_FILE = "mac/Stash-Info.plist";
				INSTALL_PATH = "$(HOME)/Applications";
				LIBRARY_SEARCH_PATHS = mac;
				MACOSX_DEPLOYMENT_TARGET = 10.9;
				PRODUCT_BUNDLE_IDENTIFIER = com.peterpearson.Stash;
				PRODUCT_NAME = Stash;
				SDKROOT = macosx;
			};
			name = Release;
		};
		C01FCF4F08A954540054247B /* Debug */ = {
			isa = XCBuildConfiguration;
			buildSettings = {
				CLANG_ANALYZER_LOCALIZABILITY_NONLOCALIZED = YES;
				CLANG_WARN_BLOCK_CAPTURE_AUTORELEASING = YES;
				CLANG_WARN_BOOL_CONVERSION = YES;
				CLANG_WARN_COMMA = YES;
				CLANG_WARN_CONSTANT_CONVERSION = YES;
				CLANG_WARN_DEPRECATED_OBJC_IMPLEMENTATIONS = YES;
				CLANG_WARN_EMPTY_BODY = YES;
				CLANG_WARN_ENUM_CONVERSION = YES;
				CLANG_WARN_INFINITE_RECURSION = YES;
				CLANG_WARN_INT_CONVERSION = YES;
				CLANG_WARN_NON_LITERAL_NULL_CONVERSION = YES;
				CLANG_WARN_OBJC_IMPLICIT_RETAIN_SELF = YES;
				CLANG_WARN_OBJC_LITERAL_CONVERSION = YES;
				CLANG_WARN_RANGE_LOOP_ANALYSIS = YES;
				CLANG_WARN_STRICT_PROTOTYPES = YES;
				CLANG_WARN_SUSPICIOUS_MOVE = YES;
				CLANG_WARN_UNREACHABLE_CODE = YES;
				CLANG_WARN__DUPLICATE_METHOD_MATCH = YES;
				ENABLE_STRICT_OBJC_MSGSEND = YES;
				ENABLE_TESTABILITY = YES;
				GCC_C_LANGUAGE_STANDARD = gnu99;
				GCC_NO_COMMON_BLOCKS = YES;
				GCC_OPTIMIZATION_LEVEL = 0;
				GCC_WARN_64_TO_32_BIT_CONVERSION = NO;
				GCC_WARN_ABOUT_RETURN_TYPE = YES;
				GCC_WARN_CHECK_SWITCH_STATEMENTS = NO;
				GCC_WARN_SHADOW = NO;
				GCC_WARN_SIGN_COMPARE = YES;
				GCC_WARN_UNDECLARED_SELECTOR = YES;
				GCC_WARN_UNINITIALIZED_AUTOS = NO;
				GCC_WARN_UNUSED_FUNCTION = YES;
				GCC_WARN_UNUSED_VALUE = NO;
				GCC_WARN_UNUSED_VARIABLE = NO;
				ONLY_ACTIVE_ARCH = YES;
				OTHER_LDFLAGS = "-liconv";
				SDKROOT = macosx;
			};
			name = Debug;
		};
		C01FCF5008A954540054247B /* Release */ = {
			isa = XCBuildConfiguration;
			buildSettings = {
				CLANG_ANALYZER_LOCALIZABILITY_NONLOCALIZED = YES;
				CLANG_WARN_BLOCK_CAPTURE_AUTORELEASING = YES;
				CLANG_WARN_BOOL_CONVERSION = YES;
				CLANG_WARN_COMMA = YES;
				CLANG_WARN_CONSTANT_CONVERSION = YES;
				CLANG_WARN_DEPRECATED_OBJC_IMPLEMENTATIONS = YES;
				CLANG_WARN_EMPTY_BODY = YES;
				CLANG_WARN_ENUM_CONVERSION = YES;
				CLANG_WARN_INFINITE_RECURSION = YES;
				CLANG_WARN_INT_CONVERSION = YES;
				CLANG_WARN_NON_LITERAL_NULL_CONVERSION = YES;
				CLANG_WARN_OBJC_IMPLICIT_RETAIN_SELF = YES;
				CLANG_WARN_OBJC_LITERAL_CONVERSION = YES;
				CLANG_WARN_RANGE_LOOP_ANALYSIS = YES;
				CLANG_WARN_STRICT_PROTOTYPES = YES;
				CLANG_WARN_SUSPICIOUS_MOVE = YES;
				CLANG_WARN_UNREACHABLE_CODE = YES;
				CLANG_WARN__DUPLICATE_METHOD_MATCH = YES;
				ENABLE_STRICT_OBJC_MSGSEND = YES;
				GCC_AUTO_VECTORIZATION = YES;
				GCC_C_LANGUAGE_STANDARD = gnu99;
				GCC_NO_COMMON_BLOCKS = YES;
				GCC_WARN_ABOUT_DEPRECATED_FUNCTIONS = NO;
				GCC_WARN_ABOUT_RETURN_TYPE = NO;
				GCC_WARN_CHECK_SWITCH_STATEMENTS = NO;
				GCC_WARN_EFFECTIVE_CPLUSPLUS_VIOLATIONS = NO;
				GCC_WARN_SHADOW = NO;
				GCC_WARN_UNDECLARED_SELECTOR = YES;
				GCC_WARN_UNUSED_FUNCTION = YES;
				GCC_WARN_UNUSED_VARIABLE = NO;
				OTHER_LDFLAGS = "-liconv";
				RUN_CLANG_STATIC_ANALYZER = NO;
				SDKROOT = macosx;
			};
			name = Release;
		};
/* End XCBuildConfiguration section */

/* Begin XCConfigurationList section */
		C01FCF4A08A954540054247B /* Build configuration list for PBXNativeTarget "Stash" */ = {
			isa = XCConfigurationList;
			buildConfigurations = (
				C01FCF4B08A954540054247B /* Debug */,
				C01FCF4C08A954540054247B /* Release */,
			);
			defaultConfigurationIsVisible = 0;
			defaultConfigurationName = Release;
		};
		C01FCF4E08A954540054247B /* Build configuration list for PBXProject "Stash" */ = {
			isa = XCConfigurationList;
			buildConfigurations = (
				C01FCF4F08A954540054247B /* Debug */,
				C01FCF5008A954540054247B /* Release */,
			);
			defaultConfigurationIsVisible = 0;
			defaultConfigurationName = Release;
		};
/* End XCConfigurationList section */
	};
	rootObject = 29B97313FDCFA39411CA2CEA /* Project object */;
}
